PODS:
  - flutter_doc_scanner (0.0.1):
    - FlutterMacOS
  - FlutterMacOS (1.0.0)

DEPENDENCIES:
  - flutter_doc_scanner (from `Flutter/ephemeral/.symlinks/plugins/flutter_doc_scanner/macos`)
  - FlutterMacOS (from `Flutter/ephemeral`)

EXTERNAL SOURCES:
  flutter_doc_scanner:
    :path: Flutter/ephemeral/.symlinks/plugins/flutter_doc_scanner/macos
  FlutterMacOS:
    :path: Flutter/ephemeral

SPEC CHECKSUMS:
  flutter_doc_scanner: 308ccc1072ebacea74171f50989501f884e72f83
  FlutterMacOS: d0db08ddef1a9af05a5ec4b724367152bb0500b1

PODFILE CHECKSUM: 54d867c82ac51cbd61b565781b9fada492027009

COCOAPODS: 1.16.2
